
Microsoft Visual Studio Solution File, Format Version 12.00
# Visual Studio 14
VisualStudioVersion = 14.0.24720.0
MinimumVisualStudioVersion = 10.0.40219.1
Project("{FAE04EC0-301F-11D3-BF4B-00C04F79EFBC}") = "crmc.web", "crmc.web\crmc.web.csproj", "{BE91FA3A-DAE6-4751-A6F1-EAA6D082ADA8}"
EndProject
Project("{FAE04EC0-301F-11D3-BF4B-00C04F79EFBC}") = "crmc.wotdisplay", "crmc.wotdisplay\crmc.wotdisplay.csproj", "{A0729B54-FD3B-4BBF-9FD6-A3B0DE19346E}"
EndProject
Project("{2150E333-8FDC-42A3-9474-1A3956D46DE8}") = ".nuget", ".nuget", "{2261FA62-FFC1-4FEE-B5AB-1F104465AE63}"
	ProjectSection(SolutionItems) = preProject
		.nuget\NuGet.Config = .nuget\NuGet.Config
		.nuget\NuGet.exe = .nuget\NuGet.exe
		.nuget\NuGet.targets = .nuget\NuGet.targets
	EndProjectSection
EndProject
Project("{00D1A9C2-B5F0-4AF3-8072-F6C62B433612}") = "crmc.database", "crmc.database\crmc.database.sqlproj", "{5F459531-137D-4CF5-9DBB-B6556C6793E4}"
EndProject
Project("{FAE04EC0-301F-11D3-BF4B-00C04F79EFBC}") = "crmc.domain", "crmc.domain\crmc.domain.csproj", "{2D49ED8F-4A56-44F2-BA82-67896A05A524}"
EndProject
Global
	GlobalSection(SolutionConfigurationPlatforms) = preSolution
		Debug|Any CPU = Debug|Any CPU
		Debug|x86 = Debug|x86
		Release|Any CPU = Release|Any CPU
		Release|x86 = Release|x86
	EndGlobalSection
	GlobalSection(ProjectConfigurationPlatforms) = postSolution
		{BE91FA3A-DAE6-4751-A6F1-EAA6D082ADA8}.Debug|Any CPU.ActiveCfg = Debug|Any CPU
		{BE91FA3A-DAE6-4751-A6F1-EAA6D082ADA8}.Debug|Any CPU.Build.0 = Debug|Any CPU
		{BE91FA3A-DAE6-4751-A6F1-EAA6D082ADA8}.Debug|x86.ActiveCfg = Debug|Any CPU
		{BE91FA3A-DAE6-4751-A6F1-EAA6D082ADA8}.Release|Any CPU.ActiveCfg = Release|Any CPU
		{BE91FA3A-DAE6-4751-A6F1-EAA6D082ADA8}.Release|Any CPU.Build.0 = Release|Any CPU
		{BE91FA3A-DAE6-4751-A6F1-EAA6D082ADA8}.Release|x86.ActiveCfg = Release|Any CPU
		{A0729B54-FD3B-4BBF-9FD6-A3B0DE19346E}.Debug|Any CPU.ActiveCfg = Debug|Any CPU
		{A0729B54-FD3B-4BBF-9FD6-A3B0DE19346E}.Debug|Any CPU.Build.0 = Debug|Any CPU
		{A0729B54-FD3B-4BBF-9FD6-A3B0DE19346E}.Debug|x86.ActiveCfg = Debug|Any CPU
		{A0729B54-FD3B-4BBF-9FD6-A3B0DE19346E}.Release|Any CPU.ActiveCfg = Release|Any CPU
		{A0729B54-FD3B-4BBF-9FD6-A3B0DE19346E}.Release|Any CPU.Build.0 = Release|Any CPU
		{A0729B54-FD3B-4BBF-9FD6-A3B0DE19346E}.Release|x86.ActiveCfg = Release|Any CPU
		{5F459531-137D-4CF5-9DBB-B6556C6793E4}.Debug|Any CPU.ActiveCfg = Debug|Any CPU
		{5F459531-137D-4CF5-9DBB-B6556C6793E4}.Debug|Any CPU.Build.0 = Debug|Any CPU
		{5F459531-137D-4CF5-9DBB-B6556C6793E4}.Debug|Any CPU.Deploy.0 = Debug|Any CPU
		{5F459531-137D-4CF5-9DBB-B6556C6793E4}.Debug|x86.ActiveCfg = Debug|Any CPU
		{5F459531-137D-4CF5-9DBB-B6556C6793E4}.Release|Any CPU.ActiveCfg = Release|Any CPU
		{5F459531-137D-4CF5-9DBB-B6556C6793E4}.Release|Any CPU.Build.0 = Release|Any CPU
		{5F459531-137D-4CF5-9DBB-B6556C6793E4}.Release|Any CPU.Deploy.0 = Release|Any CPU
		{5F459531-137D-4CF5-9DBB-B6556C6793E4}.Release|x86.ActiveCfg = Release|Any CPU
		{2D49ED8F-4A56-44F2-BA82-67896A05A524}.Debug|Any CPU.ActiveCfg = Debug|Any CPU
		{2D49ED8F-4A56-44F2-BA82-67896A05A524}.Debug|Any CPU.Build.0 = Debug|Any CPU
		{2D49ED8F-4A56-44F2-BA82-67896A05A524}.Debug|x86.ActiveCfg = Debug|Any CPU
		{2D49ED8F-4A56-44F2-BA82-67896A05A524}.Debug|x86.Build.0 = Debug|Any CPU
		{2D49ED8F-4A56-44F2-BA82-67896A05A524}.Release|Any CPU.ActiveCfg = Release|Any CPU
		{2D49ED8F-4A56-44F2-BA82-67896A05A524}.Release|Any CPU.Build.0 = Release|Any CPU
		{2D49ED8F-4A56-44F2-BA82-67896A05A524}.Release|x86.ActiveCfg = Release|Any CPU
		{2D49ED8F-4A56-44F2-BA82-67896A05A524}.Release|x86.Build.0 = Release|Any CPU
	EndGlobalSection
	GlobalSection(SolutionProperties) = preSolution
		HideSolutionNode = FALSE
	EndGlobalSection
EndGlobal
